# This file is automatically @generated by Cargo.
# It is not intended for manual editing.
version = 3

[[package]]
name = "layout-engine"
version = "0.1.0"
dependencies = [
 "layout-rs",
]

[[package]]
name = "layout-rs"
version = "0.1.2"
source = "registry+https://github.com/rust-lang/crates.io-index"
checksum = "84deb28a3a6c839ca42a7341664f32281416d69e2f29deb85aec5cc0243fdea8"
